
Microsoft Visual Studio Solution File, Format Version 12.00
# Visual Studio Version 17
VisualStudioVersion = 17.3.32825.248
MinimumVisualStudioVersion = 10.0.40219.1
Project("{9A19103F-16F7-4668-BE54-9A1E7A4F7556}") = "pz_5", "pz_5\pz_5.csproj", "{627805B2-10C2-4BA5-BAB7-B20B0B037C89}"
EndProject
Project("{9A19103F-16F7-4668-BE54-9A1E7A4F7556}") = "pz_6", "pz_6\pz_6.csproj", "{C896BFD0-FA91-429A-B8C9-E0364A524DC9}"
EndProject
Project("{FAE04EC0-301F-11D3-BF4B-00C04F79EFBC}") = "pz8", "pz8\pz8.csproj", "{F9BF249D-DE10-4FE1-B8A7-D8295D68D979}"
EndProject
Project("{FAE04EC0-301F-11D3-BF4B-00C04F79EFBC}") = "pz10", "pz10\pz10.csproj", "{02941F41-BE65-43F1-972D-7DD536D9621D}"
EndProject
Project("{FAE04EC0-301F-11D3-BF4B-00C04F79EFBC}") = "pz_12", "pz_12\pz_12.csproj", "{9E691CD0-D65C-4E1F-A879-A785B437EC3D}"
EndProject
Project("{FAE04EC0-301F-11D3-BF4B-00C04F79EFBC}") = "pz_13", "pz_13\pz_13.csproj", "{918FE9E9-D1C9-4B18-909A-9E0654234E3C}"
EndProject
Project("{FAE04EC0-301F-11D3-BF4B-00C04F79EFBC}") = "pz_14", "pz_14\pz_14.csproj", "{30DB2BEF-7D61-421F-AB1D-4245B301D25E}"
EndProject
Project("{FAE04EC0-301F-11D3-BF4B-00C04F79EFBC}") = "pz_15", "pz_15\pz_15.csproj", "{F41DFDB6-93FE-4B38-9D2F-84F6F21B4A55}"
EndProject
Project("{FAE04EC0-301F-11D3-BF4B-00C04F79EFBC}") = "pz_16", "pz_16\pz_16.csproj", "{FFB492E7-7782-4AEB-B30C-9F9A8738ABE9}"
EndProject
Project("{FAE04EC0-301F-11D3-BF4B-00C04F79EFBC}") = "pz_17", "pz_17\pz_17.csproj", "{9647F7AB-6300-4AE7-97E2-343905CF3481}"
EndProject
Global
	GlobalSection(SolutionConfigurationPlatforms) = preSolution
		Debug|Any CPU = Debug|Any CPU
		Release|Any CPU = Release|Any CPU
	EndGlobalSection
	GlobalSection(ProjectConfigurationPlatforms) = postSolution
		{627805B2-10C2-4BA5-BAB7-B20B0B037C89}.Debug|Any CPU.ActiveCfg = Debug|Any CPU
		{627805B2-10C2-4BA5-BAB7-B20B0B037C89}.Debug|Any CPU.Build.0 = Debug|Any CPU
		{627805B2-10C2-4BA5-BAB7-B20B0B037C89}.Release|Any CPU.ActiveCfg = Release|Any CPU
		{627805B2-10C2-4BA5-BAB7-B20B0B037C89}.Release|Any CPU.Build.0 = Release|Any CPU
		{C896BFD0-FA91-429A-B8C9-E0364A524DC9}.Debug|Any CPU.ActiveCfg = Debug|Any CPU
		{C896BFD0-FA91-429A-B8C9-E0364A524DC9}.Debug|Any CPU.Build.0 = Debug|Any CPU
		{C896BFD0-FA91-429A-B8C9-E0364A524DC9}.Release|Any CPU.ActiveCfg = Release|Any CPU
		{C896BFD0-FA91-429A-B8C9-E0364A524DC9}.Release|Any CPU.Build.0 = Release|Any CPU
		{F9BF249D-DE10-4FE1-B8A7-D8295D68D979}.Debug|Any CPU.ActiveCfg = Debug|Any CPU
		{F9BF249D-DE10-4FE1-B8A7-D8295D68D979}.Debug|Any CPU.Build.0 = Debug|Any CPU
		{F9BF249D-DE10-4FE1-B8A7-D8295D68D979}.Release|Any CPU.ActiveCfg = Release|Any CPU
		{F9BF249D-DE10-4FE1-B8A7-D8295D68D979}.Release|Any CPU.Build.0 = Release|Any CPU
		{02941F41-BE65-43F1-972D-7DD536D9621D}.Debug|Any CPU.ActiveCfg = Debug|Any CPU
		{02941F41-BE65-43F1-972D-7DD536D9621D}.Debug|Any CPU.Build.0 = Debug|Any CPU
		{02941F41-BE65-43F1-972D-7DD536D9621D}.Release|Any CPU.ActiveCfg = Release|Any CPU
		{02941F41-BE65-43F1-972D-7DD536D9621D}.Release|Any CPU.Build.0 = Release|Any CPU
		{9E691CD0-D65C-4E1F-A879-A785B437EC3D}.Debug|Any CPU.ActiveCfg = Debug|Any CPU
		{9E691CD0-D65C-4E1F-A879-A785B437EC3D}.Debug|Any CPU.Build.0 = Debug|Any CPU
		{9E691CD0-D65C-4E1F-A879-A785B437EC3D}.Release|Any CPU.ActiveCfg = Release|Any CPU
		{9E691CD0-D65C-4E1F-A879-A785B437EC3D}.Release|Any CPU.Build.0 = Release|Any CPU
		{918FE9E9-D1C9-4B18-909A-9E0654234E3C}.Debug|Any CPU.ActiveCfg = Debug|Any CPU
		{918FE9E9-D1C9-4B18-909A-9E0654234E3C}.Debug|Any CPU.Build.0 = Debug|Any CPU
		{918FE9E9-D1C9-4B18-909A-9E0654234E3C}.Release|Any CPU.ActiveCfg = Release|Any CPU
		{918FE9E9-D1C9-4B18-909A-9E0654234E3C}.Release|Any CPU.Build.0 = Release|Any CPU
		{30DB2BEF-7D61-421F-AB1D-4245B301D25E}.Debug|Any CPU.ActiveCfg = Debug|Any CPU
		{30DB2BEF-7D61-421F-AB1D-4245B301D25E}.Debug|Any CPU.Build.0 = Debug|Any CPU
		{30DB2BEF-7D61-421F-AB1D-4245B301D25E}.Release|Any CPU.ActiveCfg = Release|Any CPU
		{30DB2BEF-7D61-421F-AB1D-4245B301D25E}.Release|Any CPU.Build.0 = Release|Any CPU
		{F41DFDB6-93FE-4B38-9D2F-84F6F21B4A55}.Debug|Any CPU.ActiveCfg = Debug|Any CPU
		{F41DFDB6-93FE-4B38-9D2F-84F6F21B4A55}.Debug|Any CPU.Build.0 = Debug|Any CPU
		{F41DFDB6-93FE-4B38-9D2F-84F6F21B4A55}.Release|Any CPU.ActiveCfg = Release|Any CPU
		{F41DFDB6-93FE-4B38-9D2F-84F6F21B4A55}.Release|Any CPU.Build.0 = Release|Any CPU
		{FFB492E7-7782-4AEB-B30C-9F9A8738ABE9}.Debug|Any CPU.ActiveCfg = Debug|Any CPU
		{FFB492E7-7782-4AEB-B30C-9F9A8738ABE9}.Debug|Any CPU.Build.0 = Debug|Any CPU
		{FFB492E7-7782-4AEB-B30C-9F9A8738ABE9}.Release|Any CPU.ActiveCfg = Release|Any CPU
		{FFB492E7-7782-4AEB-B30C-9F9A8738ABE9}.Release|Any CPU.Build.0 = Release|Any CPU
		{9647F7AB-6300-4AE7-97E2-343905CF3481}.Debug|Any CPU.ActiveCfg = Debug|Any CPU
		{9647F7AB-6300-4AE7-97E2-343905CF3481}.Debug|Any CPU.Build.0 = Debug|Any CPU
		{9647F7AB-6300-4AE7-97E2-343905CF3481}.Release|Any CPU.ActiveCfg = Release|Any CPU
		{9647F7AB-6300-4AE7-97E2-343905CF3481}.Release|Any CPU.Build.0 = Release|Any CPU
	EndGlobalSection
	GlobalSection(SolutionProperties) = preSolution
		HideSolutionNode = FALSE
	EndGlobalSection
	GlobalSection(ExtensibilityGlobals) = postSolution
		SolutionGuid = {25F001B2-9BA6-44B9-84E0-6DD158C44FCB}
	EndGlobalSection
EndGlobal
